
Microsoft Visual Studio Solution File, Format Version 12.00
# Visual Studio Version 17
VisualStudioVersion = 17.14.36301.6 d17.14
MinimumVisualStudioVersion = 10.0.40219.1
Project("{FAE04EC0-301F-11D3-BF4B-00C04F79EFBC}") = "MlPlayGround", "MlPlayGround.csproj", "{933700C9-1459-48A0-B6EF-2A4FE36A3718}"
EndProject
Global
	GlobalSection(SolutionConfigurationPlatforms) = preSolution
		Debug|Any CPU = Debug|Any CPU
		Release|Any CPU = Release|Any CPU
	EndGlobalSection
	GlobalSection(ProjectConfigurationPlatforms) = postSolution
		{933700C9-1459-48A0-B6EF-2A4FE36A3718}.Debug|Any CPU.ActiveCfg = Debug|Any CPU
		{933700C9-1459-48A0-B6EF-2A4FE36A3718}.Debug|Any CPU.Build.0 = Debug|Any CPU
		{933700C9-1459-48A0-B6EF-2A4FE36A3718}.Release|Any CPU.ActiveCfg = Release|Any CPU
		{933700C9-1459-48A0-B6EF-2A4FE36A3718}.Release|Any CPU.Build.0 = Release|Any CPU
	EndGlobalSection
	GlobalSection(SolutionProperties) = preSolution
		HideSolutionNode = FALSE
	EndGlobalSection
	GlobalSection(ExtensibilityGlobals) = postSolution
		SolutionGuid = {B135E5FA-EDE4-4712-ACA6-F4986554E6A6}
	EndGlobalSection
EndGlobal
